<?xml version="1.0" encoding="UTF-8"?>
<Scheme
   version = "1.8">
   <BuildAction
      parallelizeBuildables = "YES"
      buildImplicitDependencies = "YES">
      <BuildActionEntries>
         <BuildActionEntry
            buildForTesting = "YES"
            buildForRunning = "YES"
            buildForProfiling = "YES"
            buildForArchiving = "YES"
            buildForAnalyzing = "YES">
            <BuildableReference
               BuildableIdentifier = "primary"
               BlueprintIdentifier = "1D6058900D05DD3D006BFB54"
               BuildableName = "PicBounce2.app"
               BlueprintName = "PicBounce2"
               ReferencedContainer = "container:PicBounce2.xcodeproj">
            </BuildableReference>
         </BuildActionEntry>
      </BuildActionEntries>
   </BuildAction>
   <TestAction
      selectedDebuggerIdentifier = "Xcode.DebuggerFoundation.Debugger.GDB"
      selectedLauncherIdentifier = "Xcode.DebuggerFoundation.Launcher.GDB"
      shouldUseLaunchSchemeArgsEnv = "YES"
      buildConfiguration = "Debug">
      <Testables>
         <TestableReference
            skipped = "NO">
            <BuildableReference
               BuildableIdentifier = "primary"
               BlueprintIdentifier = "A25CEA35134FDE0000CD33D9"
               BuildableName = "PicBounce2 Tests.octest"
               BlueprintName = "PicBounce2 Tests"
               ReferencedContainer = "container:PicBounce2.xcodeproj">
            </BuildableReference>
         </TestableReference>
      </Testables>
      <MacroExpansion>
         <BuildableReference
            BuildableIdentifier = "primary"
            BlueprintIdentifier = "1D6058900D05DD3D006BFB54"
            BuildableName = "PicBounce2.app"
            BlueprintName = "PicBounce2"
            ReferencedContainer = "container:PicBounce2.xcodeproj">
         </BuildableReference>
      </MacroExpansion>
   </TestAction>
   <LaunchAction
      selectedDebuggerIdentifier = "Xcode.DebuggerFoundation.Debugger.GDB"
      selectedLauncherIdentifier = "Xcode.DebuggerFoundation.Launcher.GDB"
      displayScaleIsEnabled = "NO"
      displayScale = "1.00"
      launchStyle = "0"
      useCustomWorkingDirectory = "NO"
      buildConfiguration = "Debug"
      debugDocumentVersioning = "YES"
      allowLocationSimulation = "YES">
      <BuildableProductRunnable>
         <BuildableReference
            BuildableIdentifier = "primary"
            BlueprintIdentifier = "1D6058900D05DD3D006BFB54"
            BuildableName = "PicBounce2.app"
            BlueprintName = "PicBounce2"
            ReferencedContainer = "container:PicBounce2.xcodeproj">
         </BuildableReference>
      </BuildableProductRunnable>
      <EnvironmentVariables>
         <EnvironmentVariable
            key = "NSZombieEnabled"
            value = "YES"
            isEnabled = "YES">
         </EnvironmentVariable>
      </EnvironmentVariables>
      <AdditionalOptions>
      </AdditionalOptions>
   </LaunchAction>
   <ProfileAction
      displayScaleIsEnabled = "NO"
      displayScale = "1.00"
      shouldUseLaunchSchemeArgsEnv = "YES"
      savedToolIdentifier = ""
      useCustomWorkingDirectory = "NO"
      buildConfiguration = "Release"
      debugDocumentVersioning = "YES">
      <BuildableProductRunnable>
         <BuildableReference
            BuildableIdentifier = "primary"
            BlueprintIdentifier = "1D6058900D05DD3D006BFB54"
            BuildableName = "PicBounce2.app"
            BlueprintName = "PicBounce2"
            ReferencedContainer = "container:PicBounce2.xcodeproj">
         </BuildableReference>
      </BuildableProductRunnable>
   </ProfileAction>
   <AnalyzeAction
      buildConfiguration = "Debug">
   </AnalyzeAction>
   <ArchiveAction
      buildConfiguration = "Release"
      revealArchiveInOrganizer = "YES">
      <PreActions>
         <ExecutionAction
            ActionType = "Xcode.IDEStandardExecutionActionsCore.ExecutionActionType.ShellScriptAction">
            <ActionContent
               title = "Run Script"
               scriptText = "">
               <EnvironmentBuildable>
                  <BuildableReference
                     BuildableIdentifier = "primary"
                     BlueprintIdentifier = "1D6058900D05DD3D006BFB54"
                     BuildableName = "PicBounce2.app"
                     BlueprintName = "PicBounce2"
                     ReferencedContainer = "container:PicBounce2.xcodeproj">
                  </BuildableReference>
               </EnvironmentBuildable>
            </ActionContent>
         </ExecutionAction>
      </PreActions>
      <PostActions>
         <ExecutionAction
            ActionType = "Xcode.IDEStandardExecutionActionsCore.ExecutionActionType.ShellScriptAction">
            <ActionContent
               title = "Run Script"
               scriptText = "say &quot;post&quot;&#10;cd &quot;${ARCHIVE_PRODUCTS_PATH}&quot;&#10;env &gt; output.txt&#10;cp -r Applications Payload&#10;ipaname=&quot;${TARGET_NAME}.$(date -u +%Y%m%d%H%M%S).ipa&quot;&#10;zip -r $ipaname Payload&#10;&#10;curl http://testflightapp.com/api/builds.json -F file=@$ipaname -F api_token=&apos;b27ff2b7eb8560989fca0eef4d5c0148_MzU4NTA&apos; -F team_token=&apos;ed2e71a0f60a28c76fb147f9429fedbb_MTA1OTAyMDExLTA4LTA5IDE4OjM4OjI4LjM0ODkzMA&apos; -F notes=&apos;This build was uploaded via the upload API&apos; -F distribution_lists=&apos;clixtr&apos; -F replace=False -F notify=True &gt;&gt; output.txt&#10;&#10;&#10;&#10;&#10;&#10;">
               <EnvironmentBuildable>
                  <BuildableReference
                     BuildableIdentifier = "primary"
                     BlueprintIdentifier = "1D6058900D05DD3D006BFB54"
                     BuildableName = "PicBounce2.app"
                     BlueprintName = "PicBounce2"
                     ReferencedContainer = "container:PicBounce2.xcodeproj">
                  </BuildableReference>
               </EnvironmentBuildable>
            </ActionContent>
         </ExecutionAction>
      </PostActions>
   </ArchiveAction>
</Scheme>
